Microsoft Visual Studio Solution File, Format Version 12.00
# Visual Studio Version 16
VisualStudioVersion = 16.0.31105.61
MinimumVisualStudioVersion = 10.0.40219.1
Project("{E24C65DC-7377-472B-9ABA-BC803B73C61A}") = "GerProjeto - Gerenciamento de Atividades", "Projeto\", "{c723c17c-6aaf-4ca3-86ae-f3522451ae37}"
	ProjectSection(WebsiteProperties) = preProject
		TargetFrameworkMoniker = ".NETFramework,Version%3Dv4.8"
		Debug.AspNetCompiler.VirtualPath = "/Projeto"
		Debug.AspNetCompiler.PhysicalPath = "Projeto\"
		Debug.AspNetCompiler.TargetPath = "PrecompiledWeb\Projeto\"
		Debug.AspNetCompiler.Updateable = "true"
		Debug.AspNetCompiler.ForceOverwrite = "true"
		Debug.AspNetCompiler.FixedNames = "false"
		Debug.AspNetCompiler.Debug = "True"
		Release.AspNetCompiler.VirtualPath = "/Projeto"
		Release.AspNetCompiler.PhysicalPath = "Projeto\"
		Release.AspNetCompiler.TargetPath = "PrecompiledWeb\Projeto\"
		Release.AspNetCompiler.Updateable = "true"
		Release.AspNetCompiler.ForceOverwrite = "true"
		Release.AspNetCompiler.FixedNames = "false"
		Release.AspNetCompiler.Debug = "False"
		VWDPort = "46264"
		DefaultWebSiteLanguage = "Visual C#"
		SlnRelativePath = "Projeto\"
	EndProjectSection
EndProject
Global
	GlobalSection(SolutionConfigurationPlatforms) = preSolution
		Debug|Any CPU = Debug|Any CPU
		Release|Any CPU = Release|Any CPU
	EndGlobalSection
	GlobalSection(ProjectConfigurationPlatforms) = postSolution
		{c723c17c-6aaf-4ca3-86ae-f3522451ae37}.Debug|Any CPU.ActiveCfg = Debug|Any CPU
		{c723c17c-6aaf-4ca3-86ae-f3522451ae37}.Debug|Any CPU.Build.0 = Debug|Any CPU
		{c723c17c-6aaf-4ca3-86ae-f3522451ae37}.Release|Any CPU.ActiveCfg = Debug|Any CPU
	EndGlobalSection
	GlobalSection(SolutionProperties) = preSolution
		HideSolutionNode = FALSE
	EndGlobalSection
	GlobalSection(ExtensibilityGlobals) = postSolution
		SolutionGuid = {48834b66-a835-45cd-bf27-54f3da99a953}
	EndGlobalSection
EndGlobal
